
Microsoft Visual Studio Solution File, Format Version 12.00
# Visual Studio 14
VisualStudioVersion = 14.0.24720.0
MinimumVisualStudioVersion = 10.0.40219.1
Project("{2150E333-8FDC-42A3-9474-1A3956D46DE8}") = "src", "src", "{23E73CAB-0FB9-48C5-9B85-4A44F2506EE8}"
EndProject
Project("{2150E333-8FDC-42A3-9474-1A3956D46DE8}") = "Solution Items", "Solution Items", "{A0AE0ED5-35BF-4B26-B447-6F6379DD1245}"
	ProjectSection(SolutionItems) = preProject
		global.json = global.json
	EndProjectSection
EndProject
Project("{8BB2217D-0F2D-49D1-97BC-3654ED321F3B}") = "Nancy.MediatR", "src\Nancy.MediatR\Nancy.MediatR.xproj", "{B73CC76A-EE69-4EDB-A835-FF2B5765FE10}"
EndProject
Project("{8BB2217D-0F2D-49D1-97BC-3654ED321F3B}") = "Nancy.MediatR.Tests", "src\Nancy.MediatR.Tests\Nancy.MediatR.Tests.xproj", "{8814C441-8E5D-41EB-961F-B39AAF194A95}"
EndProject
Global
	GlobalSection(SolutionConfigurationPlatforms) = preSolution
		Debug|Any CPU = Debug|Any CPU
		Release|Any CPU = Release|Any CPU
	EndGlobalSection
	GlobalSection(ProjectConfigurationPlatforms) = postSolution
		{B73CC76A-EE69-4EDB-A835-FF2B5765FE10}.Debug|Any CPU.ActiveCfg = Debug|Any CPU
		{B73CC76A-EE69-4EDB-A835-FF2B5765FE10}.Debug|Any CPU.Build.0 = Debug|Any CPU
		{B73CC76A-EE69-4EDB-A835-FF2B5765FE10}.Release|Any CPU.ActiveCfg = Release|Any CPU
		{B73CC76A-EE69-4EDB-A835-FF2B5765FE10}.Release|Any CPU.Build.0 = Release|Any CPU
		{8814C441-8E5D-41EB-961F-B39AAF194A95}.Debug|Any CPU.ActiveCfg = Debug|Any CPU
		{8814C441-8E5D-41EB-961F-B39AAF194A95}.Debug|Any CPU.Build.0 = Debug|Any CPU
		{8814C441-8E5D-41EB-961F-B39AAF194A95}.Release|Any CPU.ActiveCfg = Release|Any CPU
		{8814C441-8E5D-41EB-961F-B39AAF194A95}.Release|Any CPU.Build.0 = Release|Any CPU
	EndGlobalSection
	GlobalSection(SolutionProperties) = preSolution
		HideSolutionNode = FALSE
	EndGlobalSection
	GlobalSection(NestedProjects) = preSolution
		{B73CC76A-EE69-4EDB-A835-FF2B5765FE10} = {23E73CAB-0FB9-48C5-9B85-4A44F2506EE8}
		{8814C441-8E5D-41EB-961F-B39AAF194A95} = {23E73CAB-0FB9-48C5-9B85-4A44F2506EE8}
	EndGlobalSection
EndGlobal
